<?xml version="1.0" encoding="utf-8"?>
<Project ToolsVersion="4.0" xmlns="http://schemas.microsoft.com/developer/msbuild/2003">
  <ItemGroup>
    <Filter Include="Source Files">
      <UniqueIdentifier>{4FC737F1-C7A5-4376-A066-2A32D752A2FF}</UniqueIdentifier>
      <Extensions>cpp;c;cc;cxx;c++;cppm;ixx;def;odl;idl;hpj;bat;asm;asmx</Extensions>
    </Filter>
    <Filter Include="Header Files">
      <UniqueIdentifier>{93995380-89BD-4b04-88EB-625FBE52EBFB}</UniqueIdentifier>
      <Extensions>h;hh;hpp;hxx;h++;hm;inl;inc;ipp;xsd</Extensions>
    </Filter>
    <Filter Include="Header Files\Apps">
      <UniqueIdentifier>{f459fa8e-a54d-43b3-b651-0a38afa90f08}</UniqueIdentifier>
    </Filter>
    <Filter Include="Header Files\Pipelines">
      <UniqueIdentifier>{4e37bebc-c029-4e76-95a0-8fece80dc55d}</UniqueIdentifier>
    </Filter>
    <Filter Include="Source Files\Apps">
      <UniqueIdentifier>{1554d771-30a0-477e-b8b6-03eaab44910c}</UniqueIdentifier>
    </Filter>
    <Filter Include="Source Files\Pipelines">
      <UniqueIdentifier>{3d10604e-ee82-4e52-baab-499d4a08199d}</UniqueIdentifier>
    </Filter>
    <Filter Include="Shaders">
      <UniqueIdentifier>{67DA6AB6-F800-4c08-8B7A-83BB121AAD01}</UniqueIdentifier>
      <Extensions>rc;ico;cur;bmp;dlg;rc2;rct;bin;rgs;gif;jpg;jpeg;jpe;resx;tiff;tif;png;wav;mfcribbon-ms</Extensions>
    </Filter>
    <Filter Include="Shaders\ClusteredForward">
      <UniqueIdentifier>{20cd7c14-216f-4f3a-841a-5875546ac38f}</UniqueIdentifier>
    </Filter>
    <Filter Include="Shaders\SimpleRaytracing">
      <UniqueIdentifier>{cf84cfb1-6675-4214-b93b-2033515180c3}</UniqueIdentifier>
    </Filter>
    <Filter Include="Shaders\ShadowMapping">
      <UniqueIdentifier>{c0f7c7d6-309b-4695-b723-a302677825d5}</UniqueIdentifier>
    </Filter>
  </ItemGroup>
  <ItemGroup>
    <None Include="..\Shaders\Cube.vert">
      <Filter>Shaders</Filter>
    </None>
    <None Include="..\Shaders\Mesh.vert">
      <Filter>Shaders</Filter>
    </None>
    <None Include="..\Shaders\Equirect2Cube.frag">
      <Filter>Shaders</Filter>
    </None>
    <None Include="..\Shaders\FullscreenTriangle.vert">
      <Filter>Shaders</Filter>
    </None>
    <None Include="..\Shaders\Cube.frag">
      <Filter>Shaders</Filter>
    </None>
    <None Include="..\Shaders\PBRHeader.frag">
      <Filter>Shaders</Filter>
    </None>
    <None Include="..\Shaders\BRDFLUT.comp">
      <Filter>Shaders</Filter>
    </None>
    <None Include="..\Shaders\Hammersley.frag">
      <Filter>Shaders</Filter>
    </None>
    <None Include="..\Shaders\CubeFilterDiffuse.frag">
      <Filter>Shaders</Filter>
    </None>
    <None Include="..\Shaders\CubeFilterSpecular.frag">
      <Filter>Shaders</Filter>
    </None>
    <None Include="..\Shaders\Tonemap.frag">
      <Filter>Shaders</Filter>
    </None>
    <None Include="..\Shaders\LightCircle.frag">
      <Filter>Shaders</Filter>
    </None>
    <None Include="..\Shaders\LightCircle.vert">
      <Filter>Shaders</Filter>
    </None>
    <None Include="..\Shaders\Mesh.frag">
      <Filter>Shaders</Filter>
    </None>
    <None Include="..\Shaders\ClusteredForward\AABBGenerator.comp">
      <Filter>Shaders\ClusteredForward</Filter>
    </None>
    <None Include="..\Shaders\ClusteredForward\ClusterForwardHeader.comp">
      <Filter>Shaders\ClusteredForward</Filter>
    </None>
    <None Include="..\Shaders\ClusteredForward\MeshClusterForward.frag">
      <Filter>Shaders\ClusteredForward</Filter>
    </None>
    <None Include="..\Shaders\ClusteredForward\LightCulling.comp">
      <Filter>Shaders\ClusteredForward</Filter>
    </None>
    <None Include="..\Shaders\ClusteredForward\LightCullingBatch.comp">
      <Filter>Shaders\ClusteredForward</Filter>
    </None>
    <None Include="..\Shaders\SimpleRaytracing\ClosestHit.rchit">
      <Filter>Shaders\SimpleRaytracing</Filter>
    </None>
    <None Include="..\Shaders\SimpleRaytracing\Miss.rmiss">
      <Filter>Shaders\SimpleRaytracing</Filter>
    </None>
    <None Include="..\Shaders\SimpleRaytracing\RayGen.rgen">
      <Filter>Shaders\SimpleRaytracing</Filter>
    </None>
    <None Include="..\Shaders\ShadowMapping\Mesh.frag">
      <Filter>Shaders\ShadowMapping</Filter>
    </None>
    <None Include="..\Shaders\ShadowMapping\Depth.frag">
      <Filter>Shaders\ShadowMapping</Filter>
    </None>
    <None Include="..\Shaders\ShadowMapping\Depth.vert">
      <Filter>Shaders\ShadowMapping</Filter>
    </None>
    <None Include="..\Shaders\ShadowMapping\Mesh.vert">
      <Filter>Shaders\ShadowMapping</Filter>
    </None>
    <None Include="..\Shaders\ShadowMapping\Header.frag">
      <Filter>Shaders\ShadowMapping</Filter>
    </None>
  </ItemGroup>
  <ItemGroup>
    <ClInclude Include="Header\Camera.h">
      <Filter>Header Files</Filter>
    </ClInclude>
    <ClInclude Include="Header\Configs.h">
      <Filter>Header Files</Filter>
    </ClInclude>
    <ClInclude Include="Header\Mesh.h">
      <Filter>Header Files</Filter>
    </ClInclude>
    <ClInclude Include="Header\Model.h">
      <Filter>Header Files</Filter>
    </ClInclude>
    <ClInclude Include="Header\PipelineCreateInfo.h">
      <Filter>Header Files</Filter>
    </ClInclude>
    <ClInclude Include="Header\TextureMapper.h">
      <Filter>Header Files</Filter>
    </ClInclude>
    <ClInclude Include="Header\UBO.h">
      <Filter>Header Files</Filter>
    </ClInclude>
    <ClInclude Include="Header\VulkanBuffer.h">
      <Filter>Header Files</Filter>
    </ClInclude>
    <ClInclude Include="Header\VulkanContext.h">
      <Filter>Header Files</Filter>
    </ClInclude>
    <ClInclude Include="Header\VulkanFramebuffer.h">
      <Filter>Header Files</Filter>
    </ClInclude>
    <ClInclude Include="Header\VulkanImage.h">
      <Filter>Header Files</Filter>
    </ClInclude>
    <ClInclude Include="Header\VulkanInstance.h">
      <Filter>Header Files</Filter>
    </ClInclude>
    <ClInclude Include="Header\VulkanRenderPass.h">
      <Filter>Header Files</Filter>
    </ClInclude>
    <ClInclude Include="Header\VulkanShader.h">
      <Filter>Header Files</Filter>
    </ClInclude>
    <ClInclude Include="Header\VulkanUtility.h">
      <Filter>Header Files</Filter>
    </ClInclude>
    <ClInclude Include="Header\Light.h">
      <Filter>Header Files</Filter>
    </ClInclude>
    <ClInclude Include="Header\Apps\AppBase.h">
      <Filter>Header Files\Apps</Filter>
    </ClInclude>
    <ClInclude Include="Header\Apps\AppPBR.h">
      <Filter>Header Files\Apps</Filter>
    </ClInclude>
    <ClInclude Include="Header\Pipelines\PipelineBase.h">
      <Filter>Header Files\Pipelines</Filter>
    </ClInclude>
    <ClInclude Include="Header\Pipelines\PipelineBRDFLUT.h">
      <Filter>Header Files\Pipelines</Filter>
    </ClInclude>
    <ClInclude Include="Header\Pipelines\PipelineClear.h">
      <Filter>Header Files\Pipelines</Filter>
    </ClInclude>
    <ClInclude Include="Header\Pipelines\PipelineCubeFilter.h">
      <Filter>Header Files\Pipelines</Filter>
    </ClInclude>
    <ClInclude Include="Header\Pipelines\PipelineEquirect2Cube.h">
      <Filter>Header Files\Pipelines</Filter>
    </ClInclude>
    <ClInclude Include="Header\Pipelines\PipelineFinish.h">
      <Filter>Header Files\Pipelines</Filter>
    </ClInclude>
    <ClInclude Include="Header\Pipelines\PipelineImGui.h">
      <Filter>Header Files\Pipelines</Filter>
    </ClInclude>
    <ClInclude Include="Header\Pipelines\PipelineLightRender.h">
      <Filter>Header Files\Pipelines</Filter>
    </ClInclude>
    <ClInclude Include="Header\Pipelines\PipelinePBR.h">
      <Filter>Header Files\Pipelines</Filter>
    </ClInclude>
    <ClInclude Include="Header\Pipelines\PipelineResolveMS.h">
      <Filter>Header Files\Pipelines</Filter>
    </ClInclude>
    <ClInclude Include="Header\Pipelines\PipelineSkybox.h">
      <Filter>Header Files\Pipelines</Filter>
    </ClInclude>
    <ClInclude Include="Header\Pipelines\PipelineTonemap.h">
      <Filter>Header Files\Pipelines</Filter>
    </ClInclude>
    <ClInclude Include="Header\VulkanDescriptor.h">
      <Filter>Header Files</Filter>
    </ClInclude>
    <ClInclude Include="Header\Pipelines\PipelineConfig.h">
      <Filter>Header Files\Pipelines</Filter>
    </ClInclude>
    <ClInclude Include="Header\ClusterForwardBuffers.h">
      <Filter>Header Files</Filter>
    </ClInclude>
    <ClInclude Include="Header\Pipelines\PipelineAABBGenerator.h">
      <Filter>Header Files\Pipelines</Filter>
    </ClInclude>
    <ClInclude Include="Header\Pipelines\PipelineLightCulling.h">
      <Filter>Header Files\Pipelines</Filter>
    </ClInclude>
    <ClInclude Include="Header\Pipelines\PipelinePBRClusterForward.h">
      <Filter>Header Files\Pipelines</Filter>
    </ClInclude>
    <ClInclude Include="Header\PushConstants.h">
      <Filter>Header Files</Filter>
    </ClInclude>
    <ClInclude Include="Header\Apps\AppPBRClusterForward.h">
      <Filter>Header Files\Apps</Filter>
    </ClInclude>
    <ClInclude Include="Header\Apps\AppSimpleRaytracing.h">
      <Filter>Header Files\Apps</Filter>
    </ClInclude>
    <ClInclude Include="Header\Pipelines\PipelineSimpleRaytracing.h">
      <Filter>Header Files\Pipelines</Filter>
    </ClInclude>
    <ClInclude Include="Header\AccelerationStructure.h">
      <Filter>Header Files</Filter>
    </ClInclude>
    <ClInclude Include="Header\Pipelines\PipelineShadow.h">
      <Filter>Header Files\Pipelines</Filter>
    </ClInclude>
    <ClInclude Include="Header\Apps\AppPBRShadowMapping.h">
      <Filter>Header Files\Apps</Filter>
    </ClInclude>
    <ClInclude Include="Header\Pipelines\PipelinePBRShadowMapping.h">
      <Filter>Header Files\Pipelines</Filter>
    </ClInclude>
    <ClInclude Include="..\Shaders\ShadowMapping\UBO.frag">
      <Filter>Shaders\ShadowMapping</Filter>
    </ClInclude>
  </ItemGroup>
  <ItemGroup>
    <ClCompile Include="Source\Camera.cpp">
      <Filter>Source Files</Filter>
    </ClCompile>
    <ClCompile Include="Source\main.cpp">
      <Filter>Source Files</Filter>
    </ClCompile>
    <ClCompile Include="Source\Mesh.cpp">
      <Filter>Source Files</Filter>
    </ClCompile>
    <ClCompile Include="Source\Model.cpp">
      <Filter>Source Files</Filter>
    </ClCompile>
    <ClCompile Include="Source\VulkanBuffer.cpp">
      <Filter>Source Files</Filter>
    </ClCompile>
    <ClCompile Include="Source\VulkanContext.cpp">
      <Filter>Source Files</Filter>
    </ClCompile>
    <ClCompile Include="Source\VulkanFramebuffer.cpp">
      <Filter>Source Files</Filter>
    </ClCompile>
    <ClCompile Include="Source\VulkanImage.cpp">
      <Filter>Source Files</Filter>
    </ClCompile>
    <ClCompile Include="Source\VulkanInstance.cpp">
      <Filter>Source Files</Filter>
    </ClCompile>
    <ClCompile Include="Source\VulkanRenderPass.cpp">
      <Filter>Source Files</Filter>
    </ClCompile>
    <ClCompile Include="Source\VulkanShader.cpp">
      <Filter>Source Files</Filter>
    </ClCompile>
    <ClCompile Include="Source\VulkanUtility.cpp">
      <Filter>Source Files</Filter>
    </ClCompile>
    <ClCompile Include="Source\Lights.cpp">
      <Filter>Source Files</Filter>
    </ClCompile>
    <ClCompile Include="Source\Apps\AppBase.cpp">
      <Filter>Source Files\Apps</Filter>
    </ClCompile>
    <ClCompile Include="Source\Apps\AppPBR.cpp">
      <Filter>Source Files\Apps</Filter>
    </ClCompile>
    <ClCompile Include="Source\Pipelines\PipelineBase.cpp">
      <Filter>Source Files\Pipelines</Filter>
    </ClCompile>
    <ClCompile Include="Source\Pipelines\PipelineBRDFLUT.cpp">
      <Filter>Source Files\Pipelines</Filter>
    </ClCompile>
    <ClCompile Include="Source\Pipelines\PipelineClear.cpp">
      <Filter>Source Files\Pipelines</Filter>
    </ClCompile>
    <ClCompile Include="Source\Pipelines\PipelineCubeFilter.cpp">
      <Filter>Source Files\Pipelines</Filter>
    </ClCompile>
    <ClCompile Include="Source\Pipelines\PipelineEquirect2Cube.cpp">
      <Filter>Source Files\Pipelines</Filter>
    </ClCompile>
    <ClCompile Include="Source\Pipelines\PipelineFinish.cpp">
      <Filter>Source Files\Pipelines</Filter>
    </ClCompile>
    <ClCompile Include="Source\Pipelines\PipelineImGui.cpp">
      <Filter>Source Files\Pipelines</Filter>
    </ClCompile>
    <ClCompile Include="Source\Pipelines\PipelineLightRender.cpp">
      <Filter>Source Files\Pipelines</Filter>
    </ClCompile>
    <ClCompile Include="Source\Pipelines\PipelinePBR.cpp">
      <Filter>Source Files\Pipelines</Filter>
    </ClCompile>
    <ClCompile Include="Source\Pipelines\PipelineResolveMS.cpp">
      <Filter>Source Files\Pipelines</Filter>
    </ClCompile>
    <ClCompile Include="Source\Pipelines\PipelineSkybox.cpp">
      <Filter>Source Files\Pipelines</Filter>
    </ClCompile>
    <ClCompile Include="Source\Pipelines\PipelineTonemap.cpp">
      <Filter>Source Files\Pipelines</Filter>
    </ClCompile>
    <ClCompile Include="Source\VulkanDescriptor.cpp">
      <Filter>Source Files</Filter>
    </ClCompile>
    <ClCompile Include="Source\ClusterForwardBuffers.cpp">
      <Filter>Source Files</Filter>
    </ClCompile>
    <ClCompile Include="Source\Pipelines\PipelineLightCulling.cpp">
      <Filter>Source Files\Pipelines</Filter>
    </ClCompile>
    <ClCompile Include="Source\Pipelines\PipelineAABBGenerator.cpp">
      <Filter>Source Files\Pipelines</Filter>
    </ClCompile>
    <ClCompile Include="Source\Pipelines\PipelinePBRClusterForward.cpp">
      <Filter>Source Files\Pipelines</Filter>
    </ClCompile>
    <ClCompile Include="Source\Apps\AppPBRClusterForward.cpp">
      <Filter>Source Files\Apps</Filter>
    </ClCompile>
    <ClCompile Include="Source\Apps\AppSimpleRaytracing.cpp">
      <Filter>Source Files\Apps</Filter>
    </ClCompile>
    <ClCompile Include="Source\Pipelines\PipelineSimpleRaytracing.cpp">
      <Filter>Source Files\Pipelines</Filter>
    </ClCompile>
    <ClCompile Include="Source\AccelerationStructure.cpp">
      <Filter>Source Files</Filter>
    </ClCompile>
    <ClCompile Include="Source\Pipelines\PipelineShadow.cpp">
      <Filter>Source Files\Pipelines</Filter>
    </ClCompile>
    <ClCompile Include="Source\Apps\AppPBRShadowMapping.cpp">
      <Filter>Source Files\Apps</Filter>
    </ClCompile>
    <ClCompile Include="Source\Pipelines\PipelinePBRShadowMapping.cpp">
      <Filter>Source Files\Pipelines</Filter>
    </ClCompile>
  </ItemGroup>
</Project>