<?xml version="1.0" encoding="utf-8"?>
<Project ToolsVersion="4.0" xmlns="http://schemas.microsoft.com/developer/msbuild/2003">
  <ItemGroup>
    <Filter Include="Source Files">
      <UniqueIdentifier>{4FC737F1-C7A5-4376-A066-2A32D752A2FF}</UniqueIdentifier>
      <Extensions>cpp;c;cc;cxx;c++;cppm;ixx;def;odl;idl;hpj;bat;asm;asmx</Extensions>
    </Filter>
    <Filter Include="Header Files">
      <UniqueIdentifier>{93995380-89BD-4b04-88EB-625FBE52EBFB}</UniqueIdentifier>
      <Extensions>h;hh;hpp;hxx;h++;hm;inl;inc;ipp;xsd</Extensions>
    </Filter>
    <Filter Include="Header Files\Apps">
      <UniqueIdentifier>{f459fa8e-a54d-43b3-b651-0a38afa90f08}</UniqueIdentifier>
    </Filter>
    <Filter Include="Header Files\Pipelines">
      <UniqueIdentifier>{4e37bebc-c029-4e76-95a0-8fece80dc55d}</UniqueIdentifier>
    </Filter>
    <Filter Include="Source Files\Apps">
      <UniqueIdentifier>{1554d771-30a0-477e-b8b6-03eaab44910c}</UniqueIdentifier>
    </Filter>
    <Filter Include="Source Files\Pipelines">
      <UniqueIdentifier>{3d10604e-ee82-4e52-baab-499d4a08199d}</UniqueIdentifier>
    </Filter>
    <Filter Include="Shaders">
      <UniqueIdentifier>{67DA6AB6-F800-4c08-8B7A-83BB121AAD01}</UniqueIdentifier>
      <Extensions>rc;ico;cur;bmp;dlg;rc2;rct;bin;rgs;gif;jpg;jpeg;jpe;resx;tiff;tif;png;wav;mfcribbon-ms</Extensions>
    </Filter>
    <Filter Include="Shaders\ClusteredForward">
      <UniqueIdentifier>{20cd7c14-216f-4f3a-841a-5875546ac38f}</UniqueIdentifier>
    </Filter>
    <Filter Include="Shaders\ShadowMapping">
      <UniqueIdentifier>{c0f7c7d6-309b-4695-b723-a302677825d5}</UniqueIdentifier>
    </Filter>
    <Filter Include="Shaders\Bindless">
      <UniqueIdentifier>{375283ac-d6d1-45b2-8b7b-1ac287d4e62d}</UniqueIdentifier>
    </Filter>
    <Filter Include="Shaders\SlotBased">
      <UniqueIdentifier>{c9d188c8-c6c8-44ce-9761-a9e9047303d5}</UniqueIdentifier>
    </Filter>
    <Filter Include="Source Files\Resources">
      <UniqueIdentifier>{4e6cdf49-794b-402a-8748-a418f5118a42}</UniqueIdentifier>
    </Filter>
    <Filter Include="Header Files\Resources">
      <UniqueIdentifier>{78e4315e-6fb6-4fe6-9b08-c42a79f6a99c}</UniqueIdentifier>
    </Filter>
    <Filter Include="Header Files\Vulkan">
      <UniqueIdentifier>{e20b68cd-198e-4595-a415-aa907855d39e}</UniqueIdentifier>
    </Filter>
    <Filter Include="Source Files\Vulkan">
      <UniqueIdentifier>{71029f71-ee69-4504-93d7-80f232f96420}</UniqueIdentifier>
    </Filter>
    <Filter Include="Shaders\IBL">
      <UniqueIdentifier>{16100ccf-b0a2-4f3b-a69e-87eefce983aa}</UniqueIdentifier>
    </Filter>
    <Filter Include="Header Files\Raytracing">
      <UniqueIdentifier>{ee1397a6-a893-4ba6-86d4-e6ea2fd45fbc}</UniqueIdentifier>
    </Filter>
    <Filter Include="Source Files\Raytracing">
      <UniqueIdentifier>{6249d3ab-833a-460f-aada-7fe87fa967a9}</UniqueIdentifier>
    </Filter>
    <Filter Include="Shaders\InfiniteGrid">
      <UniqueIdentifier>{93001017-7acc-40ab-8616-9016818ab7d2}</UniqueIdentifier>
    </Filter>
    <Filter Include="Shaders\AABB">
      <UniqueIdentifier>{c3440f13-1025-405e-b306-41a5fc8e7ba1}</UniqueIdentifier>
    </Filter>
    <Filter Include="Header Files\Scene">
      <UniqueIdentifier>{19222e76-2299-4358-9a1c-28bd794afb7d}</UniqueIdentifier>
    </Filter>
    <Filter Include="Source Files\Scene">
      <UniqueIdentifier>{5844965a-9532-4789-9019-c0634fa4c058}</UniqueIdentifier>
    </Filter>
    <Filter Include="Shaders\Raytracing">
      <UniqueIdentifier>{cf84cfb1-6675-4214-b93b-2033515180c3}</UniqueIdentifier>
    </Filter>
    <Filter Include="Shaders\Raytracing\Header">
      <UniqueIdentifier>{48ad3607-ff0a-4977-8dcc-2dfdeecb3db2}</UniqueIdentifier>
    </Filter>
    <Filter Include="Shaders\Common">
      <UniqueIdentifier>{83dbd895-2636-4d62-8528-f4c3f4fd40dd}</UniqueIdentifier>
    </Filter>
    <Filter Include="Shaders\PBR">
      <UniqueIdentifier>{34511090-b392-46f2-9583-428a217952e6}</UniqueIdentifier>
    </Filter>
  </ItemGroup>
  <ItemGroup>
    <None Include="..\Shaders\ClusteredForward\AABBGenerator.comp">
      <Filter>Shaders\ClusteredForward</Filter>
    </None>
    <None Include="..\Shaders\ClusteredForward\Header.glsl">
      <Filter>Shaders\ClusteredForward</Filter>
    </None>
    <None Include="..\Shaders\ClusteredForward\LightCulling.comp">
      <Filter>Shaders\ClusteredForward</Filter>
    </None>
    <None Include="..\Shaders\ClusteredForward\LightCullingBatch.comp">
      <Filter>Shaders\ClusteredForward</Filter>
    </None>
    <None Include="..\Shaders\ShadowMapping\Scene.frag">
      <Filter>Shaders\ShadowMapping</Filter>
    </None>
    <None Include="..\Shaders\ShadowMapping\Depth.vert">
      <Filter>Shaders\ShadowMapping</Filter>
    </None>
    <None Include="..\Shaders\ShadowMapping\Scene.vert">
      <Filter>Shaders\ShadowMapping</Filter>
    </None>
    <None Include="..\Shaders\ShadowMapping\Shadow.glsl">
      <Filter>Shaders\ShadowMapping</Filter>
    </None>
    <None Include="..\Shaders\Bindless\Scene.frag">
      <Filter>Shaders\Bindless</Filter>
    </None>
    <None Include="..\Shaders\Bindless\Scene.vert">
      <Filter>Shaders\Bindless</Filter>
    </None>
    <None Include="..\Shaders\Bindless\MeshData.glsl">
      <Filter>Shaders\Bindless</Filter>
    </None>
    <None Include="..\Shaders\Bindless\VertexData.glsl">
      <Filter>Shaders\Bindless</Filter>
    </None>
    <None Include="..\Shaders\SlotBased\Mesh.frag">
      <Filter>Shaders\SlotBased</Filter>
    </None>
    <None Include="..\Shaders\SlotBased\Mesh.vert">
      <Filter>Shaders\SlotBased</Filter>
    </None>
    <None Include="..\Shaders\ClusteredForward\Radiance.glsl">
      <Filter>Shaders\ClusteredForward</Filter>
    </None>
    <None Include="..\Shaders\ShadowMapping\Poisson.glsl">
      <Filter>Shaders\ShadowMapping</Filter>
    </None>
    <None Include="..\Shaders\ShadowMapping\Depth.frag">
      <Filter>Shaders\ShadowMapping</Filter>
    </None>
    <None Include="..\Shaders\IBL\CubeFilterDiffuse.frag">
      <Filter>Shaders\IBL</Filter>
    </None>
    <None Include="..\Shaders\IBL\CubeFilterSpecular.frag">
      <Filter>Shaders\IBL</Filter>
    </None>
    <None Include="..\Shaders\IBL\Equirect2Cube.frag">
      <Filter>Shaders\IBL</Filter>
    </None>
    <None Include="..\Shaders\IBL\BRDFLUT.comp">
      <Filter>Shaders\IBL</Filter>
    </None>
    <None Include="..\Shaders\Bindless\BDA.glsl">
      <Filter>Shaders\Bindless</Filter>
    </None>
    <None Include="..\Shaders\InfiniteGrid\Grid.frag">
      <Filter>Shaders\InfiniteGrid</Filter>
    </None>
    <None Include="..\Shaders\InfiniteGrid\Grid.vert">
      <Filter>Shaders\InfiniteGrid</Filter>
    </None>
    <None Include="..\Shaders\InfiniteGrid\Header.glsl">
      <Filter>Shaders\InfiniteGrid</Filter>
    </None>
    <None Include="..\Shaders\InfiniteGrid\Params.glsl">
      <Filter>Shaders\InfiniteGrid</Filter>
    </None>
    <None Include="..\Shaders\AABB\AABB.glsl">
      <Filter>Shaders\AABB</Filter>
    </None>
    <None Include="..\Shaders\AABB\AABBRender.frag">
      <Filter>Shaders\AABB</Filter>
    </None>
    <None Include="..\Shaders\AABB\AABBRender.vert">
      <Filter>Shaders\AABB</Filter>
    </None>
    <None Include="..\Shaders\ClusteredForward\Scene.frag">
      <Filter>Shaders\ClusteredForward</Filter>
    </None>
    <None Include="..\Shaders\Raytracing\AnyHit.rahit">
      <Filter>Shaders\Raytracing</Filter>
    </None>
    <None Include="..\Shaders\Raytracing\ClosestHit.rchit">
      <Filter>Shaders\Raytracing</Filter>
    </None>
    <None Include="..\Shaders\Raytracing\Miss.rmiss">
      <Filter>Shaders\Raytracing</Filter>
    </None>
    <None Include="..\Shaders\Raytracing\RayGeneration.rgen">
      <Filter>Shaders\Raytracing</Filter>
    </None>
    <None Include="..\Shaders\Raytracing\Shadow.rmiss">
      <Filter>Shaders\Raytracing</Filter>
    </None>
    <None Include="..\Shaders\Raytracing\Header\Random.glsl">
      <Filter>Shaders\Raytracing\Header</Filter>
    </None>
    <None Include="..\Shaders\Raytracing\Header\RayPayload.glsl">
      <Filter>Shaders\Raytracing\Header</Filter>
    </None>
    <None Include="..\Shaders\Raytracing\Header\RaytracingUBO.glsl">
      <Filter>Shaders\Raytracing\Header</Filter>
    </None>
    <None Include="..\Shaders\Raytracing\Header\Triangle.glsl">
      <Filter>Shaders\Raytracing\Header</Filter>
    </None>
    <None Include="..\Shaders\Common\FullscreenTriangle.vert">
      <Filter>Shaders\Common</Filter>
    </None>
    <None Include="..\Shaders\Common\LightOrb.frag">
      <Filter>Shaders\Common</Filter>
    </None>
    <None Include="..\Shaders\Common\LightOrb.vert">
      <Filter>Shaders\Common</Filter>
    </None>
    <None Include="..\Shaders\Common\Line.frag">
      <Filter>Shaders\Common</Filter>
    </None>
    <None Include="..\Shaders\Common\Line.vert">
      <Filter>Shaders\Common</Filter>
    </None>
    <None Include="..\Shaders\Common\Skybox.frag">
      <Filter>Shaders\Common</Filter>
    </None>
    <None Include="..\Shaders\Common\Skybox.vert">
      <Filter>Shaders\Common</Filter>
    </None>
    <None Include="..\Shaders\Common\Tonemap.frag">
      <Filter>Shaders\Common</Filter>
    </None>
    <None Include="..\Shaders\CameraUBO.glsl">
      <Filter>Shaders</Filter>
    </None>
    <None Include="..\Shaders\Cube.glsl">
      <Filter>Shaders</Filter>
    </None>
    <None Include="..\Shaders\DrawIndirectCommand.glsl">
      <Filter>Shaders</Filter>
    </None>
    <None Include="..\Shaders\Frustum.glsl">
      <Filter>Shaders</Filter>
    </None>
    <None Include="..\Shaders\FrustumCulling.comp">
      <Filter>Shaders</Filter>
    </None>
    <None Include="..\Shaders\LightData.glsl">
      <Filter>Shaders</Filter>
    </None>
    <None Include="..\Shaders\MaterialType.glsl">
      <Filter>Shaders</Filter>
    </None>
    <None Include="..\Shaders\ModelUBO.glsl">
      <Filter>Shaders</Filter>
    </None>
    <None Include="..\Shaders\Skinning.comp">
      <Filter>Shaders</Filter>
    </None>
    <None Include="..\Shaders\PBR\Ambient.glsl">
      <Filter>Shaders\PBR</Filter>
    </None>
    <None Include="..\Shaders\PBR\Hammersley.glsl">
      <Filter>Shaders\PBR</Filter>
    </None>
    <None Include="..\Shaders\PBR\PBRHeader.glsl">
      <Filter>Shaders\PBR</Filter>
    </None>
    <None Include="..\Shaders\PBR\PBRPushConstants.glsl">
      <Filter>Shaders\PBR</Filter>
    </None>
    <None Include="..\Shaders\PBR\Radiance.glsl">
      <Filter>Shaders\PBR</Filter>
    </None>
    <None Include="..\Shaders\PBR\TangentNormalToWorld.glsl">
      <Filter>Shaders\PBR</Filter>
    </None>
  </ItemGroup>
  <ItemGroup>
    <ClInclude Include="Header\Camera.h">
      <Filter>Header Files</Filter>
    </ClInclude>
    <ClInclude Include="Header\Configs.h">
      <Filter>Header Files</Filter>
    </ClInclude>
    <ClInclude Include="Header\Apps\AppBase.h">
      <Filter>Header Files\Apps</Filter>
    </ClInclude>
    <ClInclude Include="Header\Apps\AppPBRBindless.h">
      <Filter>Header Files\Apps</Filter>
    </ClInclude>
    <ClInclude Include="Header\Pipelines\PipelineBase.h">
      <Filter>Header Files\Pipelines</Filter>
    </ClInclude>
    <ClInclude Include="Header\Pipelines\PipelineBRDFLUT.h">
      <Filter>Header Files\Pipelines</Filter>
    </ClInclude>
    <ClInclude Include="Header\Pipelines\PipelineClear.h">
      <Filter>Header Files\Pipelines</Filter>
    </ClInclude>
    <ClInclude Include="Header\Pipelines\PipelineCubeFilter.h">
      <Filter>Header Files\Pipelines</Filter>
    </ClInclude>
    <ClInclude Include="Header\Pipelines\PipelineEquirect2Cube.h">
      <Filter>Header Files\Pipelines</Filter>
    </ClInclude>
    <ClInclude Include="Header\Pipelines\PipelineFinish.h">
      <Filter>Header Files\Pipelines</Filter>
    </ClInclude>
    <ClInclude Include="Header\Pipelines\PipelineImGui.h">
      <Filter>Header Files\Pipelines</Filter>
    </ClInclude>
    <ClInclude Include="Header\Pipelines\PipelineLightRender.h">
      <Filter>Header Files\Pipelines</Filter>
    </ClInclude>
    <ClInclude Include="Header\Pipelines\PipelinePBRSlotBased.h">
      <Filter>Header Files\Pipelines</Filter>
    </ClInclude>
    <ClInclude Include="Header\Pipelines\PipelineResolveMS.h">
      <Filter>Header Files\Pipelines</Filter>
    </ClInclude>
    <ClInclude Include="Header\Pipelines\PipelineSkybox.h">
      <Filter>Header Files\Pipelines</Filter>
    </ClInclude>
    <ClInclude Include="Header\Pipelines\PipelineTonemap.h">
      <Filter>Header Files\Pipelines</Filter>
    </ClInclude>
    <ClInclude Include="Header\Pipelines\PipelineConfig.h">
      <Filter>Header Files\Pipelines</Filter>
    </ClInclude>
    <ClInclude Include="Header\Pipelines\PipelineAABBGenerator.h">
      <Filter>Header Files\Pipelines</Filter>
    </ClInclude>
    <ClInclude Include="Header\Pipelines\PipelineLightCulling.h">
      <Filter>Header Files\Pipelines</Filter>
    </ClInclude>
    <ClInclude Include="Header\Pipelines\PipelinePBRClusterForward.h">
      <Filter>Header Files\Pipelines</Filter>
    </ClInclude>
    <ClInclude Include="Header\PushConstants.h">
      <Filter>Header Files</Filter>
    </ClInclude>
    <ClInclude Include="Header\Apps\AppPBRClusterForward.h">
      <Filter>Header Files\Apps</Filter>
    </ClInclude>
    <ClInclude Include="Header\Pipelines\PipelineShadow.h">
      <Filter>Header Files\Pipelines</Filter>
    </ClInclude>
    <ClInclude Include="..\Shaders\ShadowMapping\UBO.glsl">
      <Filter>Shaders\ShadowMapping</Filter>
    </ClInclude>
    <ClInclude Include="Header\Pipelines\PipelinePBRBindless.h">
      <Filter>Header Files\Pipelines</Filter>
    </ClInclude>
    <ClInclude Include="Header\Apps\AppPBRSlotBased.h">
      <Filter>Header Files\Apps</Filter>
    </ClInclude>
    <ClInclude Include="Header\FrameCounter.h">
      <Filter>Header Files</Filter>
    </ClInclude>
    <ClInclude Include="Header\Apps\AppPBRShadow.h">
      <Filter>Header Files\Apps</Filter>
    </ClInclude>
    <ClInclude Include="Header\Pipelines\PipelinePBRShadow.h">
      <Filter>Header Files\Pipelines</Filter>
    </ClInclude>
    <ClInclude Include="Header\UBOs.h">
      <Filter>Header Files</Filter>
    </ClInclude>
    <ClInclude Include="Header\Vulkan\VulkanBarrier.h">
      <Filter>Header Files\Vulkan</Filter>
    </ClInclude>
    <ClInclude Include="Header\Vulkan\VulkanBuffer.h">
      <Filter>Header Files\Vulkan</Filter>
    </ClInclude>
    <ClInclude Include="Header\Vulkan\VulkanContext.h">
      <Filter>Header Files\Vulkan</Filter>
    </ClInclude>
    <ClInclude Include="Header\Vulkan\VulkanDescriptor.h">
      <Filter>Header Files\Vulkan</Filter>
    </ClInclude>
    <ClInclude Include="Header\Vulkan\VulkanDescriptorInfo.h">
      <Filter>Header Files\Vulkan</Filter>
    </ClInclude>
    <ClInclude Include="Header\Vulkan\VulkanFramebuffer.h">
      <Filter>Header Files\Vulkan</Filter>
    </ClInclude>
    <ClInclude Include="Header\Vulkan\VulkanImage.h">
      <Filter>Header Files\Vulkan</Filter>
    </ClInclude>
    <ClInclude Include="Header\Vulkan\VulkanInstance.h">
      <Filter>Header Files\Vulkan</Filter>
    </ClInclude>
    <ClInclude Include="Header\Vulkan\VulkanRenderPass.h">
      <Filter>Header Files\Vulkan</Filter>
    </ClInclude>
    <ClInclude Include="Header\Vulkan\VulkanShader.h">
      <Filter>Header Files\Vulkan</Filter>
    </ClInclude>
    <ClInclude Include="Header\Vulkan\VulkanCheck.h">
      <Filter>Header Files\Vulkan</Filter>
    </ClInclude>
    <ClInclude Include="Header\Resources\ResourcesClusterForward.h">
      <Filter>Header Files\Resources</Filter>
    </ClInclude>
    <ClInclude Include="Header\Resources\ResourcesIBL.h">
      <Filter>Header Files\Resources</Filter>
    </ClInclude>
    <ClInclude Include="Header\Resources\ResourcesShadow.h">
      <Filter>Header Files\Resources</Filter>
    </ClInclude>
    <ClInclude Include="Header\Resources\ResourcesShared.h">
      <Filter>Header Files\Resources</Filter>
    </ClInclude>
    <ClInclude Include="Header\Vulkan\VulkanPipelineCreateInfo.h">
      <Filter>Header Files\Vulkan</Filter>
    </ClInclude>
    <ClInclude Include="Header\Resources\ResourcesLight.h">
      <Filter>Header Files\Resources</Filter>
    </ClInclude>
    <ClInclude Include="Header\Raytracing\AccelStructure.h">
      <Filter>Header Files\Raytracing</Filter>
    </ClInclude>
    <ClInclude Include="Header\Raytracing\RaytracingBuilder.h">
      <Filter>Header Files\Raytracing</Filter>
    </ClInclude>
    <ClInclude Include="Header\BDA.h">
      <Filter>Header Files</Filter>
    </ClInclude>
    <ClInclude Include="Header\BoundingBox.h">
      <Filter>Header Files</Filter>
    </ClInclude>
    <ClInclude Include="Header\VertexData.h">
      <Filter>Header Files</Filter>
    </ClInclude>
    <ClInclude Include="Header\Pipelines\PipelineLine.h">
      <Filter>Header Files\Pipelines</Filter>
    </ClInclude>
    <ClInclude Include="Header\Pipelines\PipelineInfiniteGrid.h">
      <Filter>Header Files\Pipelines</Filter>
    </ClInclude>
    <ClInclude Include="Header\Pipelines\PipelineAABBRender.h">
      <Filter>Header Files\Pipelines</Filter>
    </ClInclude>
    <ClInclude Include="Header\Apps\AppFrustumCulling.h">
      <Filter>Header Files\Apps</Filter>
    </ClInclude>
    <ClInclude Include="Header\Pipelines\PipelineFrustumCulling.h">
      <Filter>Header Files\Pipelines</Filter>
    </ClInclude>
    <ClInclude Include="Header\Vulkan\VulkanSpecialization.h">
      <Filter>Header Files\Vulkan</Filter>
    </ClInclude>
    <ClInclude Include="Header\Resources\ResourcesBase.h">
      <Filter>Header Files\Resources</Filter>
    </ClInclude>
    <ClInclude Include="Header\Scene\Mesh.h">
      <Filter>Header Files\Scene</Filter>
    </ClInclude>
    <ClInclude Include="Header\Scene\Model.h">
      <Filter>Header Files\Scene</Filter>
    </ClInclude>
    <ClInclude Include="Header\Scene\Scene.h">
      <Filter>Header Files\Scene</Filter>
    </ClInclude>
    <ClInclude Include="Header\Scene\TextureMapper.h">
      <Filter>Header Files\Scene</Filter>
    </ClInclude>
    <ClInclude Include="Header\Scene\ScenePODs.h">
      <Filter>Header Files\Scene</Filter>
    </ClInclude>
    <ClInclude Include="Header\Scene\Animator.h">
      <Filter>Header Files\Scene</Filter>
    </ClInclude>
    <ClInclude Include="Header\Scene\Animation.h">
      <Filter>Header Files\Scene</Filter>
    </ClInclude>
    <ClInclude Include="Header\Scene\Bone.h">
      <Filter>Header Files\Scene</Filter>
    </ClInclude>
    <ClInclude Include="Header\Pipelines\PipelineSkinning.h">
      <Filter>Header Files\Pipelines</Filter>
    </ClInclude>
    <ClInclude Include="Header\Apps\AppSkinning.h">
      <Filter>Header Files\Apps</Filter>
    </ClInclude>
    <ClInclude Include="Header\Utility.h">
      <Filter>Header Files</Filter>
    </ClInclude>
    <ClInclude Include="Header\Ray.h">
      <Filter>Header Files</Filter>
    </ClInclude>
    <ClInclude Include="Header\UIData.h">
      <Filter>Header Files</Filter>
    </ClInclude>
    <ClInclude Include="Header\Raytracing\RTModelData.h">
      <Filter>Header Files\Raytracing</Filter>
    </ClInclude>
    <ClInclude Include="Header\Raytracing\ShaderBindingTables.h">
      <Filter>Header Files\Raytracing</Filter>
    </ClInclude>
    <ClInclude Include="Header\Raytracing\ShaderGroups.h">
      <Filter>Header Files\Raytracing</Filter>
    </ClInclude>
    <ClInclude Include="Header\Apps\AppRaytracing.h">
      <Filter>Header Files\Apps</Filter>
    </ClInclude>
    <ClInclude Include="Header\Pipelines\PipelineRaytracing.h">
      <Filter>Header Files\Pipelines</Filter>
    </ClInclude>
    <ClInclude Include="Header\Event.h">
      <Filter>Header Files</Filter>
    </ClInclude>
  </ItemGroup>
  <ItemGroup>
    <ClCompile Include="Source\Camera.cpp">
      <Filter>Source Files</Filter>
    </ClCompile>
    <ClCompile Include="Source\main.cpp">
      <Filter>Source Files</Filter>
    </ClCompile>
    <ClCompile Include="Source\Apps\AppBase.cpp">
      <Filter>Source Files\Apps</Filter>
    </ClCompile>
    <ClCompile Include="Source\Apps\AppPBRBindless.cpp">
      <Filter>Source Files\Apps</Filter>
    </ClCompile>
    <ClCompile Include="Source\Pipelines\PipelineBase.cpp">
      <Filter>Source Files\Pipelines</Filter>
    </ClCompile>
    <ClCompile Include="Source\Pipelines\PipelineBRDFLUT.cpp">
      <Filter>Source Files\Pipelines</Filter>
    </ClCompile>
    <ClCompile Include="Source\Pipelines\PipelineClear.cpp">
      <Filter>Source Files\Pipelines</Filter>
    </ClCompile>
    <ClCompile Include="Source\Pipelines\PipelineCubeFilter.cpp">
      <Filter>Source Files\Pipelines</Filter>
    </ClCompile>
    <ClCompile Include="Source\Pipelines\PipelineEquirect2Cube.cpp">
      <Filter>Source Files\Pipelines</Filter>
    </ClCompile>
    <ClCompile Include="Source\Pipelines\PipelineFinish.cpp">
      <Filter>Source Files\Pipelines</Filter>
    </ClCompile>
    <ClCompile Include="Source\Pipelines\PipelineImGui.cpp">
      <Filter>Source Files\Pipelines</Filter>
    </ClCompile>
    <ClCompile Include="Source\Pipelines\PipelineLightRender.cpp">
      <Filter>Source Files\Pipelines</Filter>
    </ClCompile>
    <ClCompile Include="Source\Pipelines\PipelinePBRSlotBased.cpp">
      <Filter>Source Files\Pipelines</Filter>
    </ClCompile>
    <ClCompile Include="Source\Pipelines\PipelineResolveMS.cpp">
      <Filter>Source Files\Pipelines</Filter>
    </ClCompile>
    <ClCompile Include="Source\Pipelines\PipelineSkybox.cpp">
      <Filter>Source Files\Pipelines</Filter>
    </ClCompile>
    <ClCompile Include="Source\Pipelines\PipelineTonemap.cpp">
      <Filter>Source Files\Pipelines</Filter>
    </ClCompile>
    <ClCompile Include="Source\Pipelines\PipelineLightCulling.cpp">
      <Filter>Source Files\Pipelines</Filter>
    </ClCompile>
    <ClCompile Include="Source\Pipelines\PipelineAABBGenerator.cpp">
      <Filter>Source Files\Pipelines</Filter>
    </ClCompile>
    <ClCompile Include="Source\Pipelines\PipelinePBRClusterForward.cpp">
      <Filter>Source Files\Pipelines</Filter>
    </ClCompile>
    <ClCompile Include="Source\Apps\AppPBRClusterForward.cpp">
      <Filter>Source Files\Apps</Filter>
    </ClCompile>
    <ClCompile Include="Source\Apps\AppRaytracing.cpp">
      <Filter>Source Files\Apps</Filter>
    </ClCompile>
    <ClCompile Include="Source\Pipelines\PipelineShadow.cpp">
      <Filter>Source Files\Pipelines</Filter>
    </ClCompile>
    <ClCompile Include="Source\Pipelines\PipelinePBRBindless.cpp">
      <Filter>Source Files\Pipelines</Filter>
    </ClCompile>
    <ClCompile Include="Source\Apps\AppPBRSlotBased.cpp">
      <Filter>Source Files\Apps</Filter>
    </ClCompile>
    <ClCompile Include="Source\FrameCounter.cpp">
      <Filter>Source Files</Filter>
    </ClCompile>
    <ClCompile Include="Source\Apps\AppPBRShadow.cpp">
      <Filter>Source Files\Apps</Filter>
    </ClCompile>
    <ClCompile Include="Source\Pipelines\PipelinePBRShadow.cpp">
      <Filter>Source Files\Pipelines</Filter>
    </ClCompile>
    <ClCompile Include="Source\Vulkan\VulkanBarrier.cpp">
      <Filter>Source Files\Vulkan</Filter>
    </ClCompile>
    <ClCompile Include="Source\Vulkan\VulkanBuffer.cpp">
      <Filter>Source Files\Vulkan</Filter>
    </ClCompile>
    <ClCompile Include="Source\Vulkan\VulkanContext.cpp">
      <Filter>Source Files\Vulkan</Filter>
    </ClCompile>
    <ClCompile Include="Source\Vulkan\VulkanDescriptor.cpp">
      <Filter>Source Files\Vulkan</Filter>
    </ClCompile>
    <ClCompile Include="Source\Vulkan\VulkanDescriptorInfo.cpp">
      <Filter>Source Files\Vulkan</Filter>
    </ClCompile>
    <ClCompile Include="Source\Vulkan\VulkanFramebuffer.cpp">
      <Filter>Source Files\Vulkan</Filter>
    </ClCompile>
    <ClCompile Include="Source\Vulkan\VulkanImage.cpp">
      <Filter>Source Files\Vulkan</Filter>
    </ClCompile>
    <ClCompile Include="Source\Vulkan\VulkanInstance.cpp">
      <Filter>Source Files\Vulkan</Filter>
    </ClCompile>
    <ClCompile Include="Source\Vulkan\VulkanRenderPass.cpp">
      <Filter>Source Files\Vulkan</Filter>
    </ClCompile>
    <ClCompile Include="Source\Vulkan\VulkanShader.cpp">
      <Filter>Source Files\Vulkan</Filter>
    </ClCompile>
    <ClCompile Include="Source\Resources\ResourcesClusterForward.cpp">
      <Filter>Source Files\Resources</Filter>
    </ClCompile>
    <ClCompile Include="Source\Resources\ResourcesIBL.cpp">
      <Filter>Source Files\Resources</Filter>
    </ClCompile>
    <ClCompile Include="Source\Resources\ResourcesShadow.cpp">
      <Filter>Source Files\Resources</Filter>
    </ClCompile>
    <ClCompile Include="Source\Resources\ResourcesLight.cpp">
      <Filter>Source Files\Resources</Filter>
    </ClCompile>
    <ClCompile Include="Source\Raytracing\AccelStructure.cpp">
      <Filter>Source Files\Raytracing</Filter>
    </ClCompile>
    <ClCompile Include="Source\Raytracing\RaytracingBuilder.cpp">
      <Filter>Source Files\Raytracing</Filter>
    </ClCompile>
    <ClCompile Include="Source\BoundingBox.cpp">
      <Filter>Source Files</Filter>
    </ClCompile>
    <ClCompile Include="Source\Pipelines\PipelineLine.cpp">
      <Filter>Source Files\Pipelines</Filter>
    </ClCompile>
    <ClCompile Include="Source\Pipelines\PipelineInfiniteGrid.cpp">
      <Filter>Source Files\Pipelines</Filter>
    </ClCompile>
    <ClCompile Include="Source\Pipelines\PipelineAABBRender.cpp">
      <Filter>Source Files\Pipelines</Filter>
    </ClCompile>
    <ClCompile Include="Source\Apps\AppFrustumCulling.cpp">
      <Filter>Source Files\Apps</Filter>
    </ClCompile>
    <ClCompile Include="Source\Pipelines\PipelineFrustumCulling.cpp">
      <Filter>Source Files\Pipelines</Filter>
    </ClCompile>
    <ClCompile Include="Source\Vulkan\VulkanSpecialization.cpp">
      <Filter>Source Files\Vulkan</Filter>
    </ClCompile>
    <ClCompile Include="Source\Scene\Mesh.cpp">
      <Filter>Source Files\Scene</Filter>
    </ClCompile>
    <ClCompile Include="Source\Scene\Model.cpp">
      <Filter>Source Files\Scene</Filter>
    </ClCompile>
    <ClCompile Include="Source\Scene\Scene.cpp">
      <Filter>Source Files\Scene</Filter>
    </ClCompile>
    <ClCompile Include="Source\Scene\Animator.cpp">
      <Filter>Source Files\Scene</Filter>
    </ClCompile>
    <ClCompile Include="Source\Scene\Animation.cpp">
      <Filter>Source Files\Scene</Filter>
    </ClCompile>
    <ClCompile Include="Source\Scene\Bone.cpp">
      <Filter>Source Files\Scene</Filter>
    </ClCompile>
    <ClCompile Include="Source\Pipelines\PipelineSkinning.cpp">
      <Filter>Source Files\Pipelines</Filter>
    </ClCompile>
    <ClCompile Include="Source\Apps\AppSkinning.cpp">
      <Filter>Source Files\Apps</Filter>
    </ClCompile>
    <ClCompile Include="Source\Vulkan\VulkanCheck.cpp">
      <Filter>Source Files\Vulkan</Filter>
    </ClCompile>
    <ClCompile Include="Source\Resources\ResourcesShared.cpp">
      <Filter>Source Files\Resources</Filter>
    </ClCompile>
    <ClCompile Include="Source\Pipelines\PipelineRaytracing.cpp">
      <Filter>Source Files\Pipelines</Filter>
    </ClCompile>
  </ItemGroup>
</Project>