<?xml version="1.0" encoding="utf-8"?>
<Project ToolsVersion="4.0" xmlns="http://schemas.microsoft.com/developer/msbuild/2003">
  <ItemGroup>
    <Filter Include="Source Files">
      <UniqueIdentifier>{4FC737F1-C7A5-4376-A066-2A32D752A2FF}</UniqueIdentifier>
      <Extensions>cpp;c;cc;cxx;c++;cppm;ixx;def;odl;idl;hpj;bat;asm;asmx</Extensions>
    </Filter>
    <Filter Include="Header Files">
      <UniqueIdentifier>{93995380-89BD-4b04-88EB-625FBE52EBFB}</UniqueIdentifier>
      <Extensions>h;hh;hpp;hxx;h++;hm;inl;inc;ipp;xsd</Extensions>
    </Filter>
    <Filter Include="Resource Files">
      <UniqueIdentifier>{67DA6AB6-F800-4c08-8B7A-83BB121AAD01}</UniqueIdentifier>
      <Extensions>rc;ico;cur;bmp;dlg;rc2;rct;bin;rgs;gif;jpg;jpeg;jpe;resx;tiff;tif;png;wav;mfcribbon-ms</Extensions>
    </Filter>
  </ItemGroup>
  <ItemGroup>
    <None Include="..\Shaders\Cube.vert">
      <Filter>Resource Files</Filter>
    </None>
    <None Include="..\Shaders\Mesh.vert">
      <Filter>Resource Files</Filter>
    </None>
    <None Include="..\Shaders\Equirect2Cube.frag">
      <Filter>Resource Files</Filter>
    </None>
    <None Include="..\Shaders\FullscreenTriangle.vert">
      <Filter>Resource Files</Filter>
    </None>
    <None Include="..\Shaders\Cube.frag">
      <Filter>Resource Files</Filter>
    </None>
    <None Include="..\Shaders\Mesh.frag">
      <Filter>Resource Files</Filter>
    </None>
    <None Include="..\Shaders\PBRHeader.frag">
      <Filter>Resource Files</Filter>
    </None>
    <None Include="..\Shaders\BRDFLUT.comp">
      <Filter>Resource Files</Filter>
    </None>
    <None Include="..\Shaders\Hammersley.frag">
      <Filter>Resource Files</Filter>
    </None>
    <None Include="..\Shaders\CubeFilterDiffuse.frag">
      <Filter>Resource Files</Filter>
    </None>
    <None Include="..\Shaders\CubeFilterSpecular.frag">
      <Filter>Resource Files</Filter>
    </None>
    <None Include="..\Shaders\Tonemap.frag">
      <Filter>Resource Files</Filter>
    </None>
  </ItemGroup>
  <ItemGroup>
    <ClInclude Include="Header\AppBase.h">
      <Filter>Header Files</Filter>
    </ClInclude>
    <ClInclude Include="Header\AppPBR.h">
      <Filter>Header Files</Filter>
    </ClInclude>
    <ClInclude Include="Header\Camera.h">
      <Filter>Header Files</Filter>
    </ClInclude>
    <ClInclude Include="Header\Configs.h">
      <Filter>Header Files</Filter>
    </ClInclude>
    <ClInclude Include="Header\Mesh.h">
      <Filter>Header Files</Filter>
    </ClInclude>
    <ClInclude Include="Header\Model.h">
      <Filter>Header Files</Filter>
    </ClInclude>
    <ClInclude Include="Header\PipelineCreateInfo.h">
      <Filter>Header Files</Filter>
    </ClInclude>
    <ClInclude Include="Header\RendererBase.h">
      <Filter>Header Files</Filter>
    </ClInclude>
    <ClInclude Include="Header\RendererBRDFLUT.h">
      <Filter>Header Files</Filter>
    </ClInclude>
    <ClInclude Include="Header\RendererClear.h">
      <Filter>Header Files</Filter>
    </ClInclude>
    <ClInclude Include="Header\RendererCubeFilter.h">
      <Filter>Header Files</Filter>
    </ClInclude>
    <ClInclude Include="Header\RendererEquirect2Cube.h">
      <Filter>Header Files</Filter>
    </ClInclude>
    <ClInclude Include="Header\RendererFinish.h">
      <Filter>Header Files</Filter>
    </ClInclude>
    <ClInclude Include="Header\RendererPBR.h">
      <Filter>Header Files</Filter>
    </ClInclude>
    <ClInclude Include="Header\RendererResolveMS.h">
      <Filter>Header Files</Filter>
    </ClInclude>
    <ClInclude Include="Header\RendererSkybox.h">
      <Filter>Header Files</Filter>
    </ClInclude>
    <ClInclude Include="Header\RendererTonemap.h">
      <Filter>Header Files</Filter>
    </ClInclude>
    <ClInclude Include="Header\TextureMapper.h">
      <Filter>Header Files</Filter>
    </ClInclude>
    <ClInclude Include="Header\UBO.h">
      <Filter>Header Files</Filter>
    </ClInclude>
    <ClInclude Include="Header\VulkanBuffer.h">
      <Filter>Header Files</Filter>
    </ClInclude>
    <ClInclude Include="Header\VulkanDevice.h">
      <Filter>Header Files</Filter>
    </ClInclude>
    <ClInclude Include="Header\VulkanFramebuffer.h">
      <Filter>Header Files</Filter>
    </ClInclude>
    <ClInclude Include="Header\VulkanImage.h">
      <Filter>Header Files</Filter>
    </ClInclude>
    <ClInclude Include="Header\VulkanInstance.h">
      <Filter>Header Files</Filter>
    </ClInclude>
    <ClInclude Include="Header\VulkanRenderPass.h">
      <Filter>Header Files</Filter>
    </ClInclude>
    <ClInclude Include="Header\VulkanShader.h">
      <Filter>Header Files</Filter>
    </ClInclude>
    <ClInclude Include="Header\VulkanUtility.h">
      <Filter>Header Files</Filter>
    </ClInclude>
  </ItemGroup>
  <ItemGroup>
    <ClCompile Include="Source\AppBase.cpp">
      <Filter>Source Files</Filter>
    </ClCompile>
    <ClCompile Include="Source\AppPBR.cpp">
      <Filter>Source Files</Filter>
    </ClCompile>
    <ClCompile Include="Source\Camera.cpp">
      <Filter>Source Files</Filter>
    </ClCompile>
    <ClCompile Include="Source\main.cpp">
      <Filter>Source Files</Filter>
    </ClCompile>
    <ClCompile Include="Source\Mesh.cpp">
      <Filter>Source Files</Filter>
    </ClCompile>
    <ClCompile Include="Source\Model.cpp">
      <Filter>Source Files</Filter>
    </ClCompile>
    <ClCompile Include="Source\RendererBase.cpp">
      <Filter>Source Files</Filter>
    </ClCompile>
    <ClCompile Include="Source\RendererBRDFLUT.cpp">
      <Filter>Source Files</Filter>
    </ClCompile>
    <ClCompile Include="Source\RendererClear.cpp">
      <Filter>Source Files</Filter>
    </ClCompile>
    <ClCompile Include="Source\RendererCubeFilter.cpp">
      <Filter>Source Files</Filter>
    </ClCompile>
    <ClCompile Include="Source\RendererEquirect2Cube.cpp">
      <Filter>Source Files</Filter>
    </ClCompile>
    <ClCompile Include="Source\RendererFinish.cpp">
      <Filter>Source Files</Filter>
    </ClCompile>
    <ClCompile Include="Source\RendererPBR.cpp">
      <Filter>Source Files</Filter>
    </ClCompile>
    <ClCompile Include="Source\RendererResolveMS.cpp">
      <Filter>Source Files</Filter>
    </ClCompile>
    <ClCompile Include="Source\RendererSkybox.cpp">
      <Filter>Source Files</Filter>
    </ClCompile>
    <ClCompile Include="Source\RendererTonemap.cpp">
      <Filter>Source Files</Filter>
    </ClCompile>
    <ClCompile Include="Source\VulkanBuffer.cpp">
      <Filter>Source Files</Filter>
    </ClCompile>
    <ClCompile Include="Source\VulkanDevice.cpp">
      <Filter>Source Files</Filter>
    </ClCompile>
    <ClCompile Include="Source\VulkanFramebuffer.cpp">
      <Filter>Source Files</Filter>
    </ClCompile>
    <ClCompile Include="Source\VulkanImage.cpp">
      <Filter>Source Files</Filter>
    </ClCompile>
    <ClCompile Include="Source\VulkanInstance.cpp">
      <Filter>Source Files</Filter>
    </ClCompile>
    <ClCompile Include="Source\VulkanRenderPass.cpp">
      <Filter>Source Files</Filter>
    </ClCompile>
    <ClCompile Include="Source\VulkanShader.cpp">
      <Filter>Source Files</Filter>
    </ClCompile>
    <ClCompile Include="Source\VulkanUtility.cpp">
      <Filter>Source Files</Filter>
    </ClCompile>
  </ItemGroup>
</Project>